
Microsoft Visual Studio Solution File, Format Version 12.00
# Visual Studio Version 17
VisualStudioVersion = 17.3.32929.385
MinimumVisualStudioVersion = 10.0.40219.1
Project("{FAE04EC0-301F-11D3-BF4B-00C04F79EFBC}") = "HomeWork", "HomeWork\HomeWork.csproj", "{88A2DB33-D3DD-4FD7-820B-C2A7C11BAF42}"
EndProject
Global
	GlobalSection(SolutionConfigurationPlatforms) = preSolution
		Debug|Any CPU = Debug|Any CPU
		Release|Any CPU = Release|Any CPU
	EndGlobalSection
	GlobalSection(ProjectConfigurationPlatforms) = postSolution
		{88A2DB33-D3DD-4FD7-820B-C2A7C11BAF42}.Debug|Any CPU.ActiveCfg = Debug|Any CPU
		{88A2DB33-D3DD-4FD7-820B-C2A7C11BAF42}.Debug|Any CPU.Build.0 = Debug|Any CPU
		{88A2DB33-D3DD-4FD7-820B-C2A7C11BAF42}.Release|Any CPU.ActiveCfg = Release|Any CPU
		{88A2DB33-D3DD-4FD7-820B-C2A7C11BAF42}.Release|Any CPU.Build.0 = Release|Any CPU
	EndGlobalSection
	GlobalSection(SolutionProperties) = preSolution
		HideSolutionNode = FALSE
	EndGlobalSection
	GlobalSection(ExtensibilityGlobals) = postSolution
		SolutionGuid = {DA8885D0-15C6-4F8F-A60E-6D47E2F2411B}
	EndGlobalSection
EndGlobal
